
Microsoft Visual Studio Solution File, Format Version 12.00
# Visual Studio Version 17
VisualStudioVersion = 17.11.35222.181
MinimumVisualStudioVersion = 10.0.40219.1
Project("{9A19103F-16F7-4668-BE54-9A1E7A4F7556}") = "Practica02WebApi", "Practica02WebApi.csproj", "{0610F420-9481-48C8-8AED-AABA621168C0}"
EndProject
Global
	GlobalSection(SolutionConfigurationPlatforms) = preSolution
		Debug|Any CPU = Debug|Any CPU
		Release|Any CPU = Release|Any CPU
	EndGlobalSection
	GlobalSection(ProjectConfigurationPlatforms) = postSolution
		{0610F420-9481-48C8-8AED-AABA621168C0}.Debug|Any CPU.ActiveCfg = Debug|Any CPU
		{0610F420-9481-48C8-8AED-AABA621168C0}.Debug|Any CPU.Build.0 = Debug|Any CPU
		{0610F420-9481-48C8-8AED-AABA621168C0}.Release|Any CPU.ActiveCfg = Release|Any CPU
		{0610F420-9481-48C8-8AED-AABA621168C0}.Release|Any CPU.Build.0 = Release|Any CPU
	EndGlobalSection
	GlobalSection(SolutionProperties) = preSolution
		HideSolutionNode = FALSE
	EndGlobalSection
	GlobalSection(ExtensibilityGlobals) = postSolution
		SolutionGuid = {1D6A22B5-B85A-4EE8-B7F1-D76DFF22C6A3}
	EndGlobalSection
EndGlobal
